
Microsoft Visual Studio Solution File, Format Version 12.00
# Visual Studio Version 17
VisualStudioVersion = 17.8.34511.84
MinimumVisualStudioVersion = 10.0.40219.1
Project("{FAE04EC0-301F-11D3-BF4B-00C04F79EFBC}") = "TestIRUD", "TestIRUD\TestIRUD.csproj", "{60320FB7-10B4-467B-AF0B-78C01F7299A5}"
EndProject
Global
	GlobalSection(SolutionConfigurationPlatforms) = preSolution
		Debug|Any CPU = Debug|Any CPU
		Release|Any CPU = Release|Any CPU
	EndGlobalSection
	GlobalSection(ProjectConfigurationPlatforms) = postSolution
		{60320FB7-10B4-467B-AF0B-78C01F7299A5}.Debug|Any CPU.ActiveCfg = Debug|Any CPU
		{60320FB7-10B4-467B-AF0B-78C01F7299A5}.Debug|Any CPU.Build.0 = Debug|Any CPU
		{60320FB7-10B4-467B-AF0B-78C01F7299A5}.Release|Any CPU.ActiveCfg = Release|Any CPU
		{60320FB7-10B4-467B-AF0B-78C01F7299A5}.Release|Any CPU.Build.0 = Release|Any CPU
	EndGlobalSection
	GlobalSection(SolutionProperties) = preSolution
		HideSolutionNode = FALSE
	EndGlobalSection
	GlobalSection(ExtensibilityGlobals) = postSolution
		SolutionGuid = {6352C1F5-3B79-491B-910F-E50052C73956}
	EndGlobalSection
EndGlobal
